
Microsoft Visual Studio Solution File, Format Version 12.00
# Visual Studio Version 16
VisualStudioVersion = 16.0.31105.61
MinimumVisualStudioVersion = 10.0.40219.1
Project("{888888A0-9F3D-457C-B088-3A5042F75D52}") = "MainGUI", "MainGUI\MainGUI.pyproj", "{433783EA-193D-45D9-B228-B23D61941C80}"
EndProject
Global
	GlobalSection(SolutionConfigurationPlatforms) = preSolution
		Debug|Any CPU = Debug|Any CPU
		Release|Any CPU = Release|Any CPU
	EndGlobalSection
	GlobalSection(ProjectConfigurationPlatforms) = postSolution
		{433783EA-193D-45D9-B228-B23D61941C80}.Debug|Any CPU.ActiveCfg = Debug|Any CPU
		{433783EA-193D-45D9-B228-B23D61941C80}.Release|Any CPU.ActiveCfg = Release|Any CPU
	EndGlobalSection
	GlobalSection(SolutionProperties) = preSolution
		HideSolutionNode = FALSE
	EndGlobalSection
	GlobalSection(ExtensibilityGlobals) = postSolution
		SolutionGuid = {A6200223-8A57-4335-8557-9DC704626439}
	EndGlobalSection
EndGlobal
